
Microsoft Visual Studio Solution File, Format Version 12.00
# Visual Studio 15
VisualStudioVersion = 15.0.28010.2041
MinimumVisualStudioVersion = 10.0.40219.1
Project("{FAE04EC0-301F-11D3-BF4B-00C04F79EFBC}") = "ConsultarCep.Android", "ConsultarCep\ConsultarCep.Android\ConsultarCep.Android.csproj", "{1FD18C4D-A90C-4E09-A97E-FB04966D35B4}"
EndProject
Project("{FAE04EC0-301F-11D3-BF4B-00C04F79EFBC}") = "ConsultarCep.iOS", "ConsultarCep\ConsultarCep.iOS\ConsultarCep.iOS.csproj", "{62E48E81-5E52-4F8E-8C16-9A49074A54A7}"
EndProject
Project("{FAE04EC0-301F-11D3-BF4B-00C04F79EFBC}") = "ConsultarCep", "ConsultarCep\ConsultarCep\ConsultarCep.csproj", "{5EA35F43-350D-4BC5-A6AC-BDCCEAA25380}"
EndProject
Global
	GlobalSection(SolutionConfigurationPlatforms) = preSolution
		Ad-Hoc|Any CPU = Ad-Hoc|Any CPU
		Ad-Hoc|iPhone = Ad-Hoc|iPhone
		Ad-Hoc|iPhoneSimulator = Ad-Hoc|iPhoneSimulator
		AppStore|Any CPU = AppStore|Any CPU
		AppStore|iPhone = AppStore|iPhone
		AppStore|iPhoneSimulator = AppStore|iPhoneSimulator
		Debug|Any CPU = Debug|Any CPU
		Debug|iPhone = Debug|iPhone
		Debug|iPhoneSimulator = Debug|iPhoneSimulator
		Release|Any CPU = Release|Any CPU
		Release|iPhone = Release|iPhone
		Release|iPhoneSimulator = Release|iPhoneSimulator
	EndGlobalSection
	GlobalSection(ProjectConfigurationPlatforms) = postSolution
		{1FD18C4D-A90C-4E09-A97E-FB04966D35B4}.Ad-Hoc|Any CPU.ActiveCfg = Release|Any CPU
		{1FD18C4D-A90C-4E09-A97E-FB04966D35B4}.Ad-Hoc|Any CPU.Build.0 = Release|Any CPU
		{1FD18C4D-A90C-4E09-A97E-FB04966D35B4}.Ad-Hoc|Any CPU.Deploy.0 = Release|Any CPU
		{1FD18C4D-A90C-4E09-A97E-FB04966D35B4}.Ad-Hoc|iPhone.ActiveCfg = Release|Any CPU
		{1FD18C4D-A90C-4E09-A97E-FB04966D35B4}.Ad-Hoc|iPhone.Build.0 = Release|Any CPU
		{1FD18C4D-A90C-4E09-A97E-FB04966D35B4}.Ad-Hoc|iPhone.Deploy.0 = Release|Any CPU
		{1FD18C4D-A90C-4E09-A97E-FB04966D35B4}.Ad-Hoc|iPhoneSimulator.ActiveCfg = Release|Any CPU
		{1FD18C4D-A90C-4E09-A97E-FB04966D35B4}.Ad-Hoc|iPhoneSimulator.Build.0 = Release|Any CPU
		{1FD18C4D-A90C-4E09-A97E-FB04966D35B4}.Ad-Hoc|iPhoneSimulator.Deploy.0 = Release|Any CPU
		{1FD18C4D-A90C-4E09-A97E-FB04966D35B4}.AppStore|Any CPU.ActiveCfg = Release|Any CPU
		{1FD18C4D-A90C-4E09-A97E-FB04966D35B4}.AppStore|Any CPU.Build.0 = Release|Any CPU
		{1FD18C4D-A90C-4E09-A97E-FB04966D35B4}.AppStore|Any CPU.Deploy.0 = Release|Any CPU
		{1FD18C4D-A90C-4E09-A97E-FB04966D35B4}.AppStore|iPhone.ActiveCfg = Release|Any CPU
		{1FD18C4D-A90C-4E09-A97E-FB04966D35B4}.AppStore|iPhone.Build.0 = Release|Any CPU
		{1FD18C4D-A90C-4E09-A97E-FB04966D35B4}.AppStore|iPhone.Deploy.0 = Release|Any CPU
		{1FD18C4D-A90C-4E09-A97E-FB04966D35B4}.AppStore|iPhoneSimulator.ActiveCfg = Release|Any CPU
		{1FD18C4D-A90C-4E09-A97E-FB04966D35B4}.AppStore|iPhoneSimulator.Build.0 = Release|Any CPU
		{1FD18C4D-A90C-4E09-A97E-FB04966D35B4}.AppStore|iPhoneSimulator.Deploy.0 = Release|Any CPU
		{1FD18C4D-A90C-4E09-A97E-FB04966D35B4}.Debug|Any CPU.ActiveCfg = Debug|Any CPU
		{1FD18C4D-A90C-4E09-A97E-FB04966D35B4}.Debug|Any CPU.Build.0 = Debug|Any CPU
		{1FD18C4D-A90C-4E09-A97E-FB04966D35B4}.Debug|Any CPU.Deploy.0 = Debug|Any CPU
		{1FD18C4D-A90C-4E09-A97E-FB04966D35B4}.Debug|iPhone.ActiveCfg = Debug|Any CPU
		{1FD18C4D-A90C-4E09-A97E-FB04966D35B4}.Debug|iPhone.Build.0 = Debug|Any CPU
		{1FD18C4D-A90C-4E09-A97E-FB04966D35B4}.Debug|iPhone.Deploy.0 = Debug|Any CPU
		{1FD18C4D-A90C-4E09-A97E-FB04966D35B4}.Debug|iPhoneSimulator.ActiveCfg = Debug|Any CPU
		{1FD18C4D-A90C-4E09-A97E-FB04966D35B4}.Debug|iPhoneSimulator.Build.0 = Debug|Any CPU
		{1FD18C4D-A90C-4E09-A97E-FB04966D35B4}.Debug|iPhoneSimulator.Deploy.0 = Debug|Any CPU
		{1FD18C4D-A90C-4E09-A97E-FB04966D35B4}.Release|Any CPU.ActiveCfg = Release|Any CPU
		{1FD18C4D-A90C-4E09-A97E-FB04966D35B4}.Release|Any CPU.Build.0 = Release|Any CPU
		{1FD18C4D-A90C-4E09-A97E-FB04966D35B4}.Release|Any CPU.Deploy.0 = Release|Any CPU
		{1FD18C4D-A90C-4E09-A97E-FB04966D35B4}.Release|iPhone.ActiveCfg = Release|Any CPU
		{1FD18C4D-A90C-4E09-A97E-FB04966D35B4}.Release|iPhone.Build.0 = Release|Any CPU
		{1FD18C4D-A90C-4E09-A97E-FB04966D35B4}.Release|iPhone.Deploy.0 = Release|Any CPU
		{1FD18C4D-A90C-4E09-A97E-FB04966D35B4}.Release|iPhoneSimulator.ActiveCfg = Release|Any CPU
		{1FD18C4D-A90C-4E09-A97E-FB04966D35B4}.Release|iPhoneSimulator.Build.0 = Release|Any CPU
		{1FD18C4D-A90C-4E09-A97E-FB04966D35B4}.Release|iPhoneSimulator.Deploy.0 = Release|Any CPU
		{62E48E81-5E52-4F8E-8C16-9A49074A54A7}.Ad-Hoc|Any CPU.ActiveCfg = Ad-Hoc|iPhone
		{62E48E81-5E52-4F8E-8C16-9A49074A54A7}.Ad-Hoc|Any CPU.Build.0 = Ad-Hoc|iPhone
		{62E48E81-5E52-4F8E-8C16-9A49074A54A7}.Ad-Hoc|Any CPU.Deploy.0 = Ad-Hoc|iPhone
		{62E48E81-5E52-4F8E-8C16-9A49074A54A7}.Ad-Hoc|iPhone.ActiveCfg = Ad-Hoc|iPhone
		{62E48E81-5E52-4F8E-8C16-9A49074A54A7}.Ad-Hoc|iPhone.Build.0 = Ad-Hoc|iPhone
		{62E48E81-5E52-4F8E-8C16-9A49074A54A7}.Ad-Hoc|iPhone.Deploy.0 = Ad-Hoc|iPhone
		{62E48E81-5E52-4F8E-8C16-9A49074A54A7}.Ad-Hoc|iPhoneSimulator.ActiveCfg = Ad-Hoc|iPhoneSimulator
		{62E48E81-5E52-4F8E-8C16-9A49074A54A7}.Ad-Hoc|iPhoneSimulator.Build.0 = Ad-Hoc|iPhoneSimulator
		{62E48E81-5E52-4F8E-8C16-9A49074A54A7}.Ad-Hoc|iPhoneSimulator.Deploy.0 = Ad-Hoc|iPhoneSimulator
		{62E48E81-5E52-4F8E-8C16-9A49074A54A7}.AppStore|Any CPU.ActiveCfg = AppStore|iPhone
		{62E48E81-5E52-4F8E-8C16-9A49074A54A7}.AppStore|Any CPU.Build.0 = AppStore|iPhone
		{62E48E81-5E52-4F8E-8C16-9A49074A54A7}.AppStore|Any CPU.Deploy.0 = AppStore|iPhone
		{62E48E81-5E52-4F8E-8C16-9A49074A54A7}.AppStore|iPhone.ActiveCfg = AppStore|iPhone
		{62E48E81-5E52-4F8E-8C16-9A49074A54A7}.AppStore|iPhone.Build.0 = AppStore|iPhone
		{62E48E81-5E52-4F8E-8C16-9A49074A54A7}.AppStore|iPhone.Deploy.0 = AppStore|iPhone
		{62E48E81-5E52-4F8E-8C16-9A49074A54A7}.AppStore|iPhoneSimulator.ActiveCfg = AppStore|iPhoneSimulator
		{62E48E81-5E52-4F8E-8C16-9A49074A54A7}.AppStore|iPhoneSimulator.Build.0 = AppStore|iPhoneSimulator
		{62E48E81-5E52-4F8E-8C16-9A49074A54A7}.AppStore|iPhoneSimulator.Deploy.0 = AppStore|iPhoneSimulator
		{62E48E81-5E52-4F8E-8C16-9A49074A54A7}.Debug|Any CPU.ActiveCfg = Debug|iPhoneSimulator
		{62E48E81-5E52-4F8E-8C16-9A49074A54A7}.Debug|Any CPU.Build.0 = Debug|iPhoneSimulator
		{62E48E81-5E52-4F8E-8C16-9A49074A54A7}.Debug|Any CPU.Deploy.0 = Debug|iPhoneSimulator
		{62E48E81-5E52-4F8E-8C16-9A49074A54A7}.Debug|iPhone.ActiveCfg = Debug|iPhone
		{62E48E81-5E52-4F8E-8C16-9A49074A54A7}.Debug|iPhone.Build.0 = Debug|iPhone
		{62E48E81-5E52-4F8E-8C16-9A49074A54A7}.Debug|iPhone.Deploy.0 = Debug|iPhone
		{62E48E81-5E52-4F8E-8C16-9A49074A54A7}.Debug|iPhoneSimulator.ActiveCfg = Debug|iPhoneSimulator
		{62E48E81-5E52-4F8E-8C16-9A49074A54A7}.Debug|iPhoneSimulator.Build.0 = Debug|iPhoneSimulator
		{62E48E81-5E52-4F8E-8C16-9A49074A54A7}.Debug|iPhoneSimulator.Deploy.0 = Debug|iPhoneSimulator
		{62E48E81-5E52-4F8E-8C16-9A49074A54A7}.Release|Any CPU.ActiveCfg = Release|iPhone
		{62E48E81-5E52-4F8E-8C16-9A49074A54A7}.Release|Any CPU.Build.0 = Release|iPhone
		{62E48E81-5E52-4F8E-8C16-9A49074A54A7}.Release|Any CPU.Deploy.0 = Release|iPhone
		{62E48E81-5E52-4F8E-8C16-9A49074A54A7}.Release|iPhone.ActiveCfg = Release|iPhone
		{62E48E81-5E52-4F8E-8C16-9A49074A54A7}.Release|iPhone.Build.0 = Release|iPhone
		{62E48E81-5E52-4F8E-8C16-9A49074A54A7}.Release|iPhone.Deploy.0 = Release|iPhone
		{62E48E81-5E52-4F8E-8C16-9A49074A54A7}.Release|iPhoneSimulator.ActiveCfg = Release|iPhoneSimulator
		{62E48E81-5E52-4F8E-8C16-9A49074A54A7}.Release|iPhoneSimulator.Build.0 = Release|iPhoneSimulator
		{62E48E81-5E52-4F8E-8C16-9A49074A54A7}.Release|iPhoneSimulator.Deploy.0 = Release|iPhoneSimulator
		{5EA35F43-350D-4BC5-A6AC-BDCCEAA25380}.Ad-Hoc|Any CPU.ActiveCfg = Debug|Any CPU
		{5EA35F43-350D-4BC5-A6AC-BDCCEAA25380}.Ad-Hoc|Any CPU.Build.0 = Debug|Any CPU
		{5EA35F43-350D-4BC5-A6AC-BDCCEAA25380}.Ad-Hoc|Any CPU.Deploy.0 = Debug|Any CPU
		{5EA35F43-350D-4BC5-A6AC-BDCCEAA25380}.Ad-Hoc|iPhone.ActiveCfg = Debug|Any CPU
		{5EA35F43-350D-4BC5-A6AC-BDCCEAA25380}.Ad-Hoc|iPhone.Build.0 = Debug|Any CPU
		{5EA35F43-350D-4BC5-A6AC-BDCCEAA25380}.Ad-Hoc|iPhone.Deploy.0 = Debug|Any CPU
		{5EA35F43-350D-4BC5-A6AC-BDCCEAA25380}.Ad-Hoc|iPhoneSimulator.ActiveCfg = Debug|Any CPU
		{5EA35F43-350D-4BC5-A6AC-BDCCEAA25380}.Ad-Hoc|iPhoneSimulator.Build.0 = Debug|Any CPU
		{5EA35F43-350D-4BC5-A6AC-BDCCEAA25380}.Ad-Hoc|iPhoneSimulator.Deploy.0 = Debug|Any CPU
		{5EA35F43-350D-4BC5-A6AC-BDCCEAA25380}.AppStore|Any CPU.ActiveCfg = Debug|Any CPU
		{5EA35F43-350D-4BC5-A6AC-BDCCEAA25380}.AppStore|Any CPU.Build.0 = Debug|Any CPU
		{5EA35F43-350D-4BC5-A6AC-BDCCEAA25380}.AppStore|Any CPU.Deploy.0 = Debug|Any CPU
		{5EA35F43-350D-4BC5-A6AC-BDCCEAA25380}.AppStore|iPhone.ActiveCfg = Debug|Any CPU
		{5EA35F43-350D-4BC5-A6AC-BDCCEAA25380}.AppStore|iPhone.Build.0 = Debug|Any CPU
		{5EA35F43-350D-4BC5-A6AC-BDCCEAA25380}.AppStore|iPhone.Deploy.0 = Debug|Any CPU
		{5EA35F43-350D-4BC5-A6AC-BDCCEAA25380}.AppStore|iPhoneSimulator.ActiveCfg = Debug|Any CPU
		{5EA35F43-350D-4BC5-A6AC-BDCCEAA25380}.AppStore|iPhoneSimulator.Build.0 = Debug|Any CPU
		{5EA35F43-350D-4BC5-A6AC-BDCCEAA25380}.AppStore|iPhoneSimulator.Deploy.0 = Debug|Any CPU
		{5EA35F43-350D-4BC5-A6AC-BDCCEAA25380}.Debug|Any CPU.ActiveCfg = Debug|Any CPU
		{5EA35F43-350D-4BC5-A6AC-BDCCEAA25380}.Debug|Any CPU.Build.0 = Debug|Any CPU
		{5EA35F43-350D-4BC5-A6AC-BDCCEAA25380}.Debug|Any CPU.Deploy.0 = Debug|Any CPU
		{5EA35F43-350D-4BC5-A6AC-BDCCEAA25380}.Debug|iPhone.ActiveCfg = Debug|Any CPU
		{5EA35F43-350D-4BC5-A6AC-BDCCEAA25380}.Debug|iPhone.Build.0 = Debug|Any CPU
		{5EA35F43-350D-4BC5-A6AC-BDCCEAA25380}.Debug|iPhone.Deploy.0 = Debug|Any CPU
		{5EA35F43-350D-4BC5-A6AC-BDCCEAA25380}.Debug|iPhoneSimulator.ActiveCfg = Debug|Any CPU
		{5EA35F43-350D-4BC5-A6AC-BDCCEAA25380}.Debug|iPhoneSimulator.Build.0 = Debug|Any CPU
		{5EA35F43-350D-4BC5-A6AC-BDCCEAA25380}.Debug|iPhoneSimulator.Deploy.0 = Debug|Any CPU
		{5EA35F43-350D-4BC5-A6AC-BDCCEAA25380}.Release|Any CPU.ActiveCfg = Release|Any CPU
		{5EA35F43-350D-4BC5-A6AC-BDCCEAA25380}.Release|Any CPU.Build.0 = Release|Any CPU
		{5EA35F43-350D-4BC5-A6AC-BDCCEAA25380}.Release|Any CPU.Deploy.0 = Release|Any CPU
		{5EA35F43-350D-4BC5-A6AC-BDCCEAA25380}.Release|iPhone.ActiveCfg = Release|Any CPU
		{5EA35F43-350D-4BC5-A6AC-BDCCEAA25380}.Release|iPhone.Build.0 = Release|Any CPU
		{5EA35F43-350D-4BC5-A6AC-BDCCEAA25380}.Release|iPhone.Deploy.0 = Release|Any CPU
		{5EA35F43-350D-4BC5-A6AC-BDCCEAA25380}.Release|iPhoneSimulator.ActiveCfg = Release|Any CPU
		{5EA35F43-350D-4BC5-A6AC-BDCCEAA25380}.Release|iPhoneSimulator.Build.0 = Release|Any CPU
		{5EA35F43-350D-4BC5-A6AC-BDCCEAA25380}.Release|iPhoneSimulator.Deploy.0 = Release|Any CPU
	EndGlobalSection
	GlobalSection(SolutionProperties) = preSolution
		HideSolutionNode = FALSE
	EndGlobalSection
	GlobalSection(ExtensibilityGlobals) = postSolution
		SolutionGuid = {CE40F0F9-285A-4B66-B4BB-6DAE13381CD1}
	EndGlobalSection
EndGlobal
